<?xml version="1.0" encoding="UTF-8" standalone="yes" ?>
<CodeBlocks_project_file>
	<FileVersion major="1" minor="6" />
	<Project>
		<Option title="NewTriangle" />
		<Option pch_mode="2" />
		<Option compiler="gcc" />
		<Build>
			<Target title="Release">
				<Option output="bin/NewTriangle" prefix_auto="1" extension_auto="1" />
				<Option working_dir="bin" />
				<Option object_output="obj" />
				<Option type="1" />
				<Option compiler="gcc" />
				<Option use_console_runner="0" />
				<Compiler>
					<Add option="-O2" />
				</Compiler>
				<Linker>
					<Add option="-s" />
				</Linker>
			</Target>
		</Build>
		<Compiler>
			<Add option="-Wall" />
			<Add directory="include" />
		</Compiler>
		<Linker>
			<Add library="glut" />
			<Add library="GL" />
			<Add library="GLU" />
			<Add library="GLEW" />
		</Linker>
		<Unit filename="src/glutil/MatrixStack.cpp" />
		<Unit filename="src/shader_util.cpp" />
		<Unit filename="src/shader_util.h" />
		<Unit filename="src/triangle.cpp" />
		<Unit filename="src/triangle.frag.glsl" />
		<Unit filename="src/triangle.vert.glsl" />
		<Extensions>
			<code_completion />
			<envvars />
			<debugger />
		</Extensions>
	</Project>
</CodeBlocks_project_file>
