<?xml version="1.0" encoding="UTF-8" standalone="yes" ?>
<CodeBlocks_project_file>
	<FileVersion major="1" minor="6" />
	<Project>
		<Option title="Flag" />
		<Option pch_mode="2" />
		<Option compiler="gcc" />
		<Build>
			<Target title="Release">
				<Option output="bin/Flag" prefix_auto="1" extension_auto="1" />
				<Option working_dir="bin" />
				<Option object_output="obj" />
				<Option type="1" />
				<Option compiler="gcc" />
				<Option use_console_runner="0" />
				<Compiler>
					<Add option="-O2" />
				</Compiler>
				<Linker>
					<Add option="-s" />
				</Linker>
			</Target>
		</Build>
		<Compiler>
			<Add option="-Wall" />
			<Add directory="include" />
		</Compiler>
		<Linker>
			<Add library="glut" />
			<Add library="GL" />
			<Add library="GLU" />
			<Add library="GLEW" />
		</Linker>
		<Unit filename="src/flag.cpp" />
		<Unit filename="src/flag.frag.glsl" />
		<Unit filename="src/flag.vert.glsl" />
		<Unit filename="src/glimg/ImageCreator.cpp" />
		<Unit filename="src/glimg/ImageFormat.cpp" />
		<Unit filename="src/glimg/ImageSet.cpp" />
		<Unit filename="src/glimg/ImageSetImpl.cpp" />
		<Unit filename="src/glimg/StbLoader.cpp" />
		<Unit filename="src/glimg/Util.cpp" />
		<Unit filename="src/glimg/stb_image.c">
			<Option compilerVar="CC" />
		</Unit>
		<Unit filename="src/shader_util.cpp" />
		<Unit filename="src/shader_util.h" />
		<Unit filename="src/texture_util.cpp" />
		<Unit filename="src/texture_util.h" />
		<Extensions>
			<code_completion />
			<envvars />
			<debugger />
		</Extensions>
	</Project>
</CodeBlocks_project_file>
